
Microsoft Visual Studio Solution File, Format Version 12.00
# Visual Studio Version 16
VisualStudioVersion = 16.0.30804.86
MinimumVisualStudioVersion = 10.0.40219.1
Project("{9A19103F-16F7-4668-BE54-9A1E7A4F7556}") = "Tenebrae", "Tenebrae.csproj", "{5D2B3249-A942-4B71-86DC-A6AE3F87B861}"
EndProject
Global
	GlobalSection(SolutionConfigurationPlatforms) = preSolution
		Debug|Any CPU = Debug|Any CPU
		Release|Any CPU = Release|Any CPU
	EndGlobalSection
	GlobalSection(ProjectConfigurationPlatforms) = postSolution
		{5D2B3249-A942-4B71-86DC-A6AE3F87B861}.Debug|Any CPU.ActiveCfg = Debug|Any CPU
		{5D2B3249-A942-4B71-86DC-A6AE3F87B861}.Debug|Any CPU.Build.0 = Debug|Any CPU
		{5D2B3249-A942-4B71-86DC-A6AE3F87B861}.Release|Any CPU.ActiveCfg = Release|Any CPU
		{5D2B3249-A942-4B71-86DC-A6AE3F87B861}.Release|Any CPU.Build.0 = Release|Any CPU
	EndGlobalSection
	GlobalSection(SolutionProperties) = preSolution
		HideSolutionNode = FALSE
	EndGlobalSection
	GlobalSection(ExtensibilityGlobals) = postSolution
		SolutionGuid = {7AEBEE68-6BBF-4E16-AC78-6EB848FF8676}
	EndGlobalSection
EndGlobal
